<?xml version="1.0" encoding="utf-8"?>
<Project ToolsVersion="4.0" xmlns="http://schemas.microsoft.com/developer/msbuild/2003">
  <ItemGroup>
    <Filter Include="Source Files">
      <UniqueIdentifier>{4FC737F1-C7A5-4376-A066-2A32D752A2FF}</UniqueIdentifier>
      <Extensions>cpp;c;cc;cxx;c++;cppm;ixx;def;odl;idl;hpj;bat;asm;asmx</Extensions>
    </Filter>
    <Filter Include="Resource Files">
      <UniqueIdentifier>{67DA6AB6-F800-4c08-8B7A-83BB121AAD01}</UniqueIdentifier>
      <Extensions>rc;ico;cur;bmp;dlg;rc2;rct;bin;rgs;gif;jpg;jpeg;jpe;resx;tiff;tif;png;wav;mfcribbon-ms</Extensions>
    </Filter>
    <Filter Include="Source Files\sim">
      <UniqueIdentifier>{b4e6d4b9-5e39-48a4-abb3-5e6cbe4a3265}</UniqueIdentifier>
    </Filter>
    <Filter Include="Source Files\render">
      <UniqueIdentifier>{9aa46741-24f4-4c96-bc91-e6da7fda5000}</UniqueIdentifier>
    </Filter>
    <Filter Include="Source Files\input">
      <UniqueIdentifier>{54363344-9dcc-467a-a721-bbf2fd691f6e}</UniqueIdentifier>
    </Filter>
    <Filter Include="Source Files\core">
      <UniqueIdentifier>{8d032762-d51f-4a67-b726-7799ca81f007}</UniqueIdentifier>
    </Filter>
  </ItemGroup>
  <ItemGroup>
    <ClCompile Include="Water-Slosh.cpp">
      <Filter>Source Files</Filter>
    </ClCompile>
    <ClCompile Include="FluidGrid.cpp">
      <Filter>Source Files\sim</Filter>
    </ClCompile>
    <ClCompile Include="PointVecOps.h">
      <Filter>Source Files\core</Filter>
    </ClCompile>
  </ItemGroup>
  <ItemGroup>
    <ClInclude Include="Vec2.h">
      <Filter>Source Files\sim</Filter>
    </ClInclude>
    <ClInclude Include="Point2.h">
      <Filter>Source Files\sim</Filter>
    </ClInclude>
    <ClInclude Include="Particle.h">
      <Filter>Source Files\sim</Filter>
    </ClInclude>
    <ClInclude Include="Grid2D.h">
      <Filter>Source Files\sim</Filter>
    </ClInclude>
    <ClInclude Include="FluidGrid.h">
      <Filter>Source Files\sim</Filter>
    </ClInclude>
    <ClInclude Include="FieldTypes.h">
      <Filter>Source Files\core</Filter>
    </ClInclude>
    <ClInclude Include="ScalarField.h">
      <Filter>Source Files\core</Filter>
    </ClInclude>
    <ClInclude Include="Point.h">
      <Filter>Source Files\core</Filter>
    </ClInclude>
    <ClInclude Include="Vec.h">
      <Filter>Source Files\core</Filter>
    </ClInclude>
    <ClInclude Include="Tensor.h">
      <Filter>Source Files\core</Filter>
    </ClInclude>
    <ClInclude Include="ArrayND.h">
      <Filter>Source Files\core</Filter>
    </ClInclude>
  </ItemGroup>
  <ItemGroup>
    <None Include=".github\copilot-instructions.md" />
  </ItemGroup>
</Project>